
Microsoft Visual Studio Solution File, Format Version 12.00
# Visual Studio Version 17
VisualStudioVersion = 17.4.33205.214
MinimumVisualStudioVersion = 10.0.40219.1
Project("{FAE04EC0-301F-11D3-BF4B-00C04F79EFBC}") = "DataStructDemo2_27", "DataStructDemo2_27.csproj", "{3A10F826-AF81-4C77-A787-F0A1760C7B7E}"
EndProject
Global
	GlobalSection(SolutionConfigurationPlatforms) = preSolution
		Debug|Any CPU = Debug|Any CPU
		Release|Any CPU = Release|Any CPU
	EndGlobalSection
	GlobalSection(ProjectConfigurationPlatforms) = postSolution
		{3A10F826-AF81-4C77-A787-F0A1760C7B7E}.Debug|Any CPU.ActiveCfg = Debug|Any CPU
		{3A10F826-AF81-4C77-A787-F0A1760C7B7E}.Debug|Any CPU.Build.0 = Debug|Any CPU
		{3A10F826-AF81-4C77-A787-F0A1760C7B7E}.Release|Any CPU.ActiveCfg = Release|Any CPU
		{3A10F826-AF81-4C77-A787-F0A1760C7B7E}.Release|Any CPU.Build.0 = Release|Any CPU
	EndGlobalSection
	GlobalSection(SolutionProperties) = preSolution
		HideSolutionNode = FALSE
	EndGlobalSection
	GlobalSection(ExtensibilityGlobals) = postSolution
		SolutionGuid = {BFC08CD8-AD27-4B8D-95BF-FD220B4B76D3}
	EndGlobalSection
EndGlobal
